{
  "name": "dayz-api-bruno",
  "lockfileVersion": 3,
  "requires": true,
  "packages": {
    "": {
      "name": "dayz-api-bruno",
      "dependencies": {
        "@usebruno/lang": "^0.37.1",
        "yaml": "^2.6.0"
      }
    },
    "node_modules/@usebruno/lang": {
      "version": "0.37.1",
      "resolved": "https://registry.npmjs.org/@usebruno/lang/-/lang-0.37.1.tgz",
      "integrity": "sha512-mRrsoA8iPpyIGoiaYX3NH/cUpOpdHD5H9eEFreKQNkLHbvQ9hGDsPm94O+2m4BvM9ayjidam8oSXxcIqiJ2GWA==",
      "license": "MIT",
      "dependencies": {
        "arcsecond": "^5.0.0",
        "dotenv": "^16.3.1",
        "lodash": "^4.17.21",
        "ohm-js": "^16.6.0"
      }
    },
    "node_modules/arcsecond": {
      "version": "5.0.0",
      "resolved": "https://registry.npmjs.org/arcsecond/-/arcsecond-5.0.0.tgz",
      "integrity": "sha512-J/fHdyadnsIencRsM6oUSsraCKG+Ni9Udcgr/eusxjTzX3SEQtCUQSpP0YtImFPfIK6DdT1nqwN0ng4FqNmwgA==",
      "license": "MIT"
    },
    "node_modules/dotenv": {
      "version": "16.6.1",
      "resolved": "https://registry.npmjs.org/dotenv/-/dotenv-16.6.1.tgz",
      "integrity": "sha512-uBq4egWHTcTt33a72vpSG0z3HnPuIl6NqYcTrKEg2azoEyl2hpW0zqlxysq2pK9HlDIHyHyakeYaYnSAwd8bow==",
      "license": "BSD-2-Clause",
      "engines": {
        "node": ">=12"
      },
      "funding": {
        "url": "https://dotenvx.com"
      }
    },
    "node_modules/lodash": {
      "version": "4.18.1",
      "resolved": "https://registry.npmjs.org/lodash/-/lodash-4.18.1.tgz",
      "integrity": "sha512-dMInicTPVE8d1e5otfwmmjlxkZoUpiVLwyeTdUsi/Caj/gfzzblBcCE5sRHV/AsjuCmxWrte2TNGSYuCeCq+0Q==",
      "license": "MIT"
    },
    "node_modules/ohm-js": {
      "version": "16.6.0",
      "resolved": "https://registry.npmjs.org/ohm-js/-/ohm-js-16.6.0.tgz",
      "integrity": "sha512-X9P4koSGa7swgVQ0gt71UCYtkAQGOjciJPJAz74kDxWt8nXbH5HrDOQG6qBDH7SR40ktNv4x61BwpTDE9q4lRA==",
      "license": "MIT",
      "engines": {
        "node": ">=0.12.1"
      }
    },
    "node_modules/yaml": {
      "version": "2.9.0",
      "resolved": "https://registry.npmjs.org/yaml/-/yaml-2.9.0.tgz",
      "integrity": "sha512-2AvhNX3mb8zd6Zy7INTtSpl1F15HW6Wnqj0srWlkKLcpYl/gMIMJiyuGq2KeI2YFxUPjdlB+3Lc10seMLtL4cA==",
      "license": "ISC",
      "bin": {
        "yaml": "bin.mjs"
      },
      "engines": {
        "node": ">= 14.6"
      },
      "funding": {
        "url": "https://github.com/sponsors/eemeli"
      }
    }
  }
}
